
Microsoft Visual Studio Solution File, Format Version 12.00
# Visual Studio Version 17
VisualStudioVersion = 17.9.34728.123
MinimumVisualStudioVersion = 10.0.40219.1
Project("{FAE04EC0-301F-11D3-BF4B-00C04F79EFBC}") = "CmdRepport", "CmdRepport.csproj", "{74BADBE9-DF36-46B4-8D1C-00E3175A8FBA}"
EndProject
Global
	GlobalSection(SolutionConfigurationPlatforms) = preSolution
		Debug|Any CPU = Debug|Any CPU
		Release|Any CPU = Release|Any CPU
	EndGlobalSection
	GlobalSection(ProjectConfigurationPlatforms) = postSolution
		{74BADBE9-DF36-46B4-8D1C-00E3175A8FBA}.Debug|Any CPU.ActiveCfg = Debug|Any CPU
		{74BADBE9-DF36-46B4-8D1C-00E3175A8FBA}.Debug|Any CPU.Build.0 = Debug|Any CPU
		{74BADBE9-DF36-46B4-8D1C-00E3175A8FBA}.Release|Any CPU.ActiveCfg = Release|Any CPU
		{74BADBE9-DF36-46B4-8D1C-00E3175A8FBA}.Release|Any CPU.Build.0 = Release|Any CPU
	EndGlobalSection
	GlobalSection(SolutionProperties) = preSolution
		HideSolutionNode = FALSE
	EndGlobalSection
	GlobalSection(ExtensibilityGlobals) = postSolution
		SolutionGuid = {C9E01DCA-F619-49E0-A1C9-BB528B76F5A8}
	EndGlobalSection
EndGlobal
